
Microsoft Visual Studio Solution File, Format Version 12.00
# Visual Studio Version 16
VisualStudioVersion = 16.0.30717.126
MinimumVisualStudioVersion = 10.0.40219.1
Project("{FAE04EC0-301F-11D3-BF4B-00C04F79EFBC}") = "GrafanaAPI", "GrafanaAPI\GrafanaAPI.csproj", "{A768D178-C164-4898-B335-5D3DA8552580}"
EndProject
Global
	GlobalSection(SolutionConfigurationPlatforms) = preSolution
		Debug|Any CPU = Debug|Any CPU
		Release|Any CPU = Release|Any CPU
	EndGlobalSection
	GlobalSection(ProjectConfigurationPlatforms) = postSolution
		{A768D178-C164-4898-B335-5D3DA8552580}.Debug|Any CPU.ActiveCfg = Debug|Any CPU
		{A768D178-C164-4898-B335-5D3DA8552580}.Debug|Any CPU.Build.0 = Debug|Any CPU
		{A768D178-C164-4898-B335-5D3DA8552580}.Release|Any CPU.ActiveCfg = Release|Any CPU
		{A768D178-C164-4898-B335-5D3DA8552580}.Release|Any CPU.Build.0 = Release|Any CPU
	EndGlobalSection
	GlobalSection(SolutionProperties) = preSolution
		HideSolutionNode = FALSE
	EndGlobalSection
	GlobalSection(ExtensibilityGlobals) = postSolution
		SolutionGuid = {8C033240-324E-493F-8461-436C916DB81B}
	EndGlobalSection
EndGlobal
